
Microsoft Visual Studio Solution File, Format Version 11.00
# Visual Studio Version 16

Project("{8BC9CEB8-8B4A-11D0-8D11-00A0C91BC942}") = "Bitcrusher - Standalone Plugin", "Bitcrusher_StandalonePlugin.vcxproj", "{15C07006-AD48-EBF2-2216-C87F435609F2}"
	ProjectSection(ProjectDependencies) = postProject
		{FA161EBA-5CC6-6B8A-5E9E-6AD35DC04323} = {FA161EBA-5CC6-6B8A-5E9E-6AD35DC04323}
	EndProjectSection
EndProject
Project("{8BC9CEB8-8B4A-11D0-8D11-00A0C91BC942}") = "Bitcrusher - VST3", "Bitcrusher_VST3.vcxproj", "{67D5F918-D603-4083-F5AE-1874FA7ED34A}"
	ProjectSection(ProjectDependencies) = postProject
		{FA161EBA-5CC6-6B8A-5E9E-6AD35DC04323} = {FA161EBA-5CC6-6B8A-5E9E-6AD35DC04323}
		{2B777D4B-15F3-0B4E-E7FA-93D00FF826F4} = {2B777D4B-15F3-0B4E-E7FA-93D00FF826F4}
	EndProjectSection
EndProject
Project("{8BC9CEB8-8B4A-11D0-8D11-00A0C91BC942}") = "Bitcrusher - Shared Code", "Bitcrusher_SharedCode.vcxproj", "{FA161EBA-5CC6-6B8A-5E9E-6AD35DC04323}"
EndProject
Project("{8BC9CEB8-8B4A-11D0-8D11-00A0C91BC942}") = "Bitcrusher - VST3 Manifest Helper", "Bitcrusher_VST3ManifestHelper.vcxproj", "{2B777D4B-15F3-0B4E-E7FA-93D00FF826F4}"
EndProject
Global
	GlobalSection(SolutionConfigurationPlatforms) = preSolution
		Debug|x64 = Debug|x64
		Release|x64 = Release|x64
	EndGlobalSection
	GlobalSection(ProjectConfigurationPlatforms) = postSolution
		{67D5F918-D603-4083-F5AE-1874FA7ED34A}.Debug|x64.ActiveCfg = Debug|x64
		{67D5F918-D603-4083-F5AE-1874FA7ED34A}.Debug|x64.Build.0 = Debug|x64
		{67D5F918-D603-4083-F5AE-1874FA7ED34A}.Release|x64.ActiveCfg = Release|x64
		{67D5F918-D603-4083-F5AE-1874FA7ED34A}.Release|x64.Build.0 = Release|x64
		{15C07006-AD48-EBF2-2216-C87F435609F2}.Debug|x64.ActiveCfg = Debug|x64
		{15C07006-AD48-EBF2-2216-C87F435609F2}.Debug|x64.Build.0 = Debug|x64
		{15C07006-AD48-EBF2-2216-C87F435609F2}.Release|x64.ActiveCfg = Release|x64
		{15C07006-AD48-EBF2-2216-C87F435609F2}.Release|x64.Build.0 = Release|x64
		{FA161EBA-5CC6-6B8A-5E9E-6AD35DC04323}.Debug|x64.ActiveCfg = Debug|x64
		{FA161EBA-5CC6-6B8A-5E9E-6AD35DC04323}.Debug|x64.Build.0 = Debug|x64
		{FA161EBA-5CC6-6B8A-5E9E-6AD35DC04323}.Release|x64.ActiveCfg = Release|x64
		{FA161EBA-5CC6-6B8A-5E9E-6AD35DC04323}.Release|x64.Build.0 = Release|x64
		{2B777D4B-15F3-0B4E-E7FA-93D00FF826F4}.Debug|x64.ActiveCfg = Debug|x64
		{2B777D4B-15F3-0B4E-E7FA-93D00FF826F4}.Debug|x64.Build.0 = Debug|x64
		{2B777D4B-15F3-0B4E-E7FA-93D00FF826F4}.Release|x64.ActiveCfg = Release|x64
		{2B777D4B-15F3-0B4E-E7FA-93D00FF826F4}.Release|x64.Build.0 = Release|x64
	EndGlobalSection
	GlobalSection(SolutionProperties) = preSolution
		HideSolutionNode = FALSE
	EndGlobalSection
EndGlobal
